
Microsoft Visual Studio Solution File, Format Version 12.00
# Visual Studio Version 17
VisualStudioVersion = 17.0.31903.59
MinimumVisualStudioVersion = 10.0.40219.1
Project("{FAE04EC0-301F-11D3-BF4B-00C04F79EFBC}") = "McpHealthServer", "src\McpHealthServer\McpHealthServer.csproj", "{ADEB44EB-8915-4261-8681-853FD4496D6B}"
EndProject
Project("{FAE04EC0-301F-11D3-BF4B-00C04F79EFBC}") = "McpHealthServer.Tests", "tests\McpHealthServer.Tests\McpHealthServer.Tests.csproj", "{0FA155CE-C6AE-488C-8087-14F176FCB1FF}"
EndProject
Global
	GlobalSection(SolutionConfigurationPlatforms) = preSolution
		Debug|Any CPU = Debug|Any CPU
		Debug|x64 = Debug|x64
		Debug|x86 = Debug|x86
		Release|Any CPU = Release|Any CPU
		Release|x64 = Release|x64
		Release|x86 = Release|x86
	EndGlobalSection
	GlobalSection(ProjectConfigurationPlatforms) = postSolution
		{ADEB44EB-8915-4261-8681-853FD4496D6B}.Debug|Any CPU.ActiveCfg = Debug|Any CPU
		{ADEB44EB-8915-4261-8681-853FD4496D6B}.Debug|Any CPU.Build.0 = Debug|Any CPU
		{ADEB44EB-8915-4261-8681-853FD4496D6B}.Debug|x64.ActiveCfg = Debug|Any CPU
		{ADEB44EB-8915-4261-8681-853FD4496D6B}.Debug|x64.Build.0 = Debug|Any CPU
		{ADEB44EB-8915-4261-8681-853FD4496D6B}.Debug|x86.ActiveCfg = Debug|Any CPU
		{ADEB44EB-8915-4261-8681-853FD4496D6B}.Debug|x86.Build.0 = Debug|Any CPU
		{ADEB44EB-8915-4261-8681-853FD4496D6B}.Release|Any CPU.ActiveCfg = Release|Any CPU
		{ADEB44EB-8915-4261-8681-853FD4496D6B}.Release|Any CPU.Build.0 = Release|Any CPU
		{ADEB44EB-8915-4261-8681-853FD4496D6B}.Release|x64.ActiveCfg = Release|Any CPU
		{ADEB44EB-8915-4261-8681-853FD4496D6B}.Release|x64.Build.0 = Release|Any CPU
		{ADEB44EB-8915-4261-8681-853FD4496D6B}.Release|x86.ActiveCfg = Release|Any CPU
		{ADEB44EB-8915-4261-8681-853FD4496D6B}.Release|x86.Build.0 = Release|Any CPU
		{0FA155CE-C6AE-488C-8087-14F176FCB1FF}.Debug|Any CPU.ActiveCfg = Debug|Any CPU
		{0FA155CE-C6AE-488C-8087-14F176FCB1FF}.Debug|Any CPU.Build.0 = Debug|Any CPU
		{0FA155CE-C6AE-488C-8087-14F176FCB1FF}.Debug|x64.ActiveCfg = Debug|Any CPU
		{0FA155CE-C6AE-488C-8087-14F176FCB1FF}.Debug|x64.Build.0 = Debug|Any CPU
		{0FA155CE-C6AE-488C-8087-14F176FCB1FF}.Debug|x86.ActiveCfg = Debug|Any CPU
		{0FA155CE-C6AE-488C-8087-14F176FCB1FF}.Debug|x86.Build.0 = Debug|Any CPU
		{0FA155CE-C6AE-488C-8087-14F176FCB1FF}.Release|Any CPU.ActiveCfg = Release|Any CPU
		{0FA155CE-C6AE-488C-8087-14F176FCB1FF}.Release|Any CPU.Build.0 = Release|Any CPU
		{0FA155CE-C6AE-488C-8087-14F176FCB1FF}.Release|x64.ActiveCfg = Release|Any CPU
		{0FA155CE-C6AE-488C-8087-14F176FCB1FF}.Release|x64.Build.0 = Release|Any CPU
		{0FA155CE-C6AE-488C-8087-14F176FCB1FF}.Release|x86.ActiveCfg = Release|Any CPU
		{0FA155CE-C6AE-488C-8087-14F176FCB1FF}.Release|x86.Build.0 = Release|Any CPU
	EndGlobalSection
	GlobalSection(SolutionProperties) = preSolution
		HideSolutionNode = FALSE
	EndGlobalSection
EndGlobal
